
Microsoft Visual Studio Solution File, Format Version 11.00
# Visual Studio 2010
Project("{FAE04EC0-301F-11D3-BF4B-00C04F79EFBC}") = "Assembly-CSharp", "Assembly-CSharp.csproj", "{589EEF55-EC65-E9F3-48D2-7717A9E08CC6}"
EndProject
Project("{FAE04EC0-301F-11D3-BF4B-00C04F79EFBC}") = "Assembly-CSharp-Editor", "Assembly-CSharp-Editor.csproj", "{1B336AFF-B172-8450-93BB-B50F934BB75A}"
EndProject
Global
	GlobalSection(SolutionConfigurationPlatforms) = preSolution
		Debug|Any CPU = Debug|Any CPU
		Release|Any CPU = Release|Any CPU
	EndGlobalSection
	GlobalSection(ProjectConfigurationPlatforms) = postSolution
		{589EEF55-EC65-E9F3-48D2-7717A9E08CC6}.Debug|Any CPU.ActiveCfg = Debug|Any CPU
		{589EEF55-EC65-E9F3-48D2-7717A9E08CC6}.Debug|Any CPU.Build.0 = Debug|Any CPU
		{589EEF55-EC65-E9F3-48D2-7717A9E08CC6}.Release|Any CPU.ActiveCfg = Release|Any CPU
		{589EEF55-EC65-E9F3-48D2-7717A9E08CC6}.Release|Any CPU.Build.0 = Release|Any CPU
		{1B336AFF-B172-8450-93BB-B50F934BB75A}.Debug|Any CPU.ActiveCfg = Debug|Any CPU
		{1B336AFF-B172-8450-93BB-B50F934BB75A}.Debug|Any CPU.Build.0 = Debug|Any CPU
		{1B336AFF-B172-8450-93BB-B50F934BB75A}.Release|Any CPU.ActiveCfg = Release|Any CPU
		{1B336AFF-B172-8450-93BB-B50F934BB75A}.Release|Any CPU.Build.0 = Release|Any CPU
	EndGlobalSection
	GlobalSection(SolutionProperties) = preSolution
		HideSolutionNode = FALSE
	EndGlobalSection
EndGlobal
